
Microsoft Visual Studio Solution File, Format Version 12.00
# Visual Studio Version 17
VisualStudioVersion = 17.7.34031.279
MinimumVisualStudioVersion = 10.0.40219.1
Project("{8BC9CEB8-8B4A-11D0-8D11-00A0C91BC942}") = "калькулятор", "калькулятор\калькулятор.vcxproj", "{EFF317AF-B0A5-4EE8-AAEA-4585A6B67FA9}"
EndProject
Global
	GlobalSection(SolutionConfigurationPlatforms) = preSolution
		Debug|x64 = Debug|x64
		Debug|x86 = Debug|x86
		Release|x64 = Release|x64
		Release|x86 = Release|x86
	EndGlobalSection
	GlobalSection(ProjectConfigurationPlatforms) = postSolution
		{EFF317AF-B0A5-4EE8-AAEA-4585A6B67FA9}.Debug|x64.ActiveCfg = Debug|x64
		{EFF317AF-B0A5-4EE8-AAEA-4585A6B67FA9}.Debug|x64.Build.0 = Debug|x64
		{EFF317AF-B0A5-4EE8-AAEA-4585A6B67FA9}.Debug|x86.ActiveCfg = Debug|Win32
		{EFF317AF-B0A5-4EE8-AAEA-4585A6B67FA9}.Debug|x86.Build.0 = Debug|Win32
		{EFF317AF-B0A5-4EE8-AAEA-4585A6B67FA9}.Release|x64.ActiveCfg = Release|x64
		{EFF317AF-B0A5-4EE8-AAEA-4585A6B67FA9}.Release|x64.Build.0 = Release|x64
		{EFF317AF-B0A5-4EE8-AAEA-4585A6B67FA9}.Release|x86.ActiveCfg = Release|Win32
		{EFF317AF-B0A5-4EE8-AAEA-4585A6B67FA9}.Release|x86.Build.0 = Release|Win32
	EndGlobalSection
	GlobalSection(SolutionProperties) = preSolution
		HideSolutionNode = FALSE
	EndGlobalSection
	GlobalSection(ExtensibilityGlobals) = postSolution
		SolutionGuid = {9D23EFF3-9409-4E62-8B34-646370E61D7E}
	EndGlobalSection
EndGlobal
